
Microsoft Visual Studio Solution File, Format Version 12.00
# Visual Studio Version 16
VisualStudioVersion = 16.6.30114.105
MinimumVisualStudioVersion = 10.0.40219.1
Project("{FAE04EC0-301F-11D3-BF4B-00C04F79EFBC}") = "SampleRegression.ConsoleApp", "SampleRegression.ConsoleApp\SampleRegression.ConsoleApp.csproj", "{2EA98020-7C01-48CE-99E6-02F24BBB1501}"
EndProject
Project("{FAE04EC0-301F-11D3-BF4B-00C04F79EFBC}") = "SampleRegression.Model", "SampleRegression.Model\SampleRegression.Model.csproj", "{429392DA-028D-4961-8FB8-77572BA5B8F9}"
EndProject
Global
	GlobalSection(SolutionConfigurationPlatforms) = preSolution
		Debug|Any CPU = Debug|Any CPU
		Debug|x64 = Debug|x64
		Debug|x86 = Debug|x86
		Release|Any CPU = Release|Any CPU
		Release|x64 = Release|x64
		Release|x86 = Release|x86
	EndGlobalSection
	GlobalSection(SolutionProperties) = preSolution
		HideSolutionNode = FALSE
	EndGlobalSection
	GlobalSection(ProjectConfigurationPlatforms) = postSolution
		{2EA98020-7C01-48CE-99E6-02F24BBB1501}.Debug|Any CPU.ActiveCfg = Debug|Any CPU
		{2EA98020-7C01-48CE-99E6-02F24BBB1501}.Debug|Any CPU.Build.0 = Debug|Any CPU
		{2EA98020-7C01-48CE-99E6-02F24BBB1501}.Debug|x64.ActiveCfg = Debug|Any CPU
		{2EA98020-7C01-48CE-99E6-02F24BBB1501}.Debug|x64.Build.0 = Debug|Any CPU
		{2EA98020-7C01-48CE-99E6-02F24BBB1501}.Debug|x86.ActiveCfg = Debug|Any CPU
		{2EA98020-7C01-48CE-99E6-02F24BBB1501}.Debug|x86.Build.0 = Debug|Any CPU
		{2EA98020-7C01-48CE-99E6-02F24BBB1501}.Release|Any CPU.ActiveCfg = Release|Any CPU
		{2EA98020-7C01-48CE-99E6-02F24BBB1501}.Release|Any CPU.Build.0 = Release|Any CPU
		{2EA98020-7C01-48CE-99E6-02F24BBB1501}.Release|x64.ActiveCfg = Release|Any CPU
		{2EA98020-7C01-48CE-99E6-02F24BBB1501}.Release|x64.Build.0 = Release|Any CPU
		{2EA98020-7C01-48CE-99E6-02F24BBB1501}.Release|x86.ActiveCfg = Release|Any CPU
		{2EA98020-7C01-48CE-99E6-02F24BBB1501}.Release|x86.Build.0 = Release|Any CPU
		{429392DA-028D-4961-8FB8-77572BA5B8F9}.Debug|Any CPU.ActiveCfg = Debug|Any CPU
		{429392DA-028D-4961-8FB8-77572BA5B8F9}.Debug|Any CPU.Build.0 = Debug|Any CPU
		{429392DA-028D-4961-8FB8-77572BA5B8F9}.Debug|x64.ActiveCfg = Debug|Any CPU
		{429392DA-028D-4961-8FB8-77572BA5B8F9}.Debug|x64.Build.0 = Debug|Any CPU
		{429392DA-028D-4961-8FB8-77572BA5B8F9}.Debug|x86.ActiveCfg = Debug|Any CPU
		{429392DA-028D-4961-8FB8-77572BA5B8F9}.Debug|x86.Build.0 = Debug|Any CPU
		{429392DA-028D-4961-8FB8-77572BA5B8F9}.Release|Any CPU.ActiveCfg = Release|Any CPU
		{429392DA-028D-4961-8FB8-77572BA5B8F9}.Release|Any CPU.Build.0 = Release|Any CPU
		{429392DA-028D-4961-8FB8-77572BA5B8F9}.Release|x64.ActiveCfg = Release|Any CPU
		{429392DA-028D-4961-8FB8-77572BA5B8F9}.Release|x64.Build.0 = Release|Any CPU
		{429392DA-028D-4961-8FB8-77572BA5B8F9}.Release|x86.ActiveCfg = Release|Any CPU
		{429392DA-028D-4961-8FB8-77572BA5B8F9}.Release|x86.Build.0 = Release|Any CPU
	EndGlobalSection
EndGlobal
